
Microsoft Visual Studio Solution File, Format Version 12.00
# Visual Studio Version 17
VisualStudioVersion = 17.5.002.0
MinimumVisualStudioVersion = 10.0.40219.1
Project("{9A19103F-16F7-4668-BE54-9A1E7A4F7556}") = "objectProject", "objectProject.csproj", "{76C83DA4-2C9F-4E09-9612-AE0B4E7F94EF}"
EndProject
Global
	GlobalSection(SolutionConfigurationPlatforms) = preSolution
		Debug|Any CPU = Debug|Any CPU
		Release|Any CPU = Release|Any CPU
	EndGlobalSection
	GlobalSection(ProjectConfigurationPlatforms) = postSolution
		{76C83DA4-2C9F-4E09-9612-AE0B4E7F94EF}.Debug|Any CPU.ActiveCfg = Debug|Any CPU
		{76C83DA4-2C9F-4E09-9612-AE0B4E7F94EF}.Debug|Any CPU.Build.0 = Debug|Any CPU
		{76C83DA4-2C9F-4E09-9612-AE0B4E7F94EF}.Release|Any CPU.ActiveCfg = Release|Any CPU
		{76C83DA4-2C9F-4E09-9612-AE0B4E7F94EF}.Release|Any CPU.Build.0 = Release|Any CPU
	EndGlobalSection
	GlobalSection(SolutionProperties) = preSolution
		HideSolutionNode = FALSE
	EndGlobalSection
	GlobalSection(ExtensibilityGlobals) = postSolution
		SolutionGuid = {697B8DF8-27D9-42A5-93A0-495B98D93349}
	EndGlobalSection
EndGlobal
